
Microsoft Visual Studio Solution File, Format Version 12.00
# Visual Studio 15
VisualStudioVersion = 15.0.28307.421
MinimumVisualStudioVersion = 10.0.40219.1
Project("{FAE04EC0-301F-11D3-BF4B-00C04F79EFBC}") = "CRUD", "CRUD\CRUD.csproj", "{4BD40F84-4A43-48AD-8F24-84C9A9F97221}"
EndProject
Global
	GlobalSection(SolutionConfigurationPlatforms) = preSolution
		Debug|Any CPU = Debug|Any CPU
		Release|Any CPU = Release|Any CPU
	EndGlobalSection
	GlobalSection(ProjectConfigurationPlatforms) = postSolution
		{4BD40F84-4A43-48AD-8F24-84C9A9F97221}.Debug|Any CPU.ActiveCfg = Debug|Any CPU
		{4BD40F84-4A43-48AD-8F24-84C9A9F97221}.Debug|Any CPU.Build.0 = Debug|Any CPU
		{4BD40F84-4A43-48AD-8F24-84C9A9F97221}.Release|Any CPU.ActiveCfg = Release|Any CPU
		{4BD40F84-4A43-48AD-8F24-84C9A9F97221}.Release|Any CPU.Build.0 = Release|Any CPU
	EndGlobalSection
	GlobalSection(SolutionProperties) = preSolution
		HideSolutionNode = FALSE
	EndGlobalSection
	GlobalSection(ExtensibilityGlobals) = postSolution
		SolutionGuid = {E0F69C1C-5D7A-4E71-BF50-48054F616007}
	EndGlobalSection
EndGlobal
